
Microsoft Visual Studio Solution File, Format Version 12.00
# Visual Studio 15
VisualStudioVersion = 15.0.28307.757
MinimumVisualStudioVersion = 10.0.40219.1
Project("{FAE04EC0-301F-11D3-BF4B-00C04F79EFBC}") = "CellularAutomataLibrary", "CellularAutomataLibrary\CellularAutomataLibrary.csproj", "{45CDCEE6-AFE5-4903-AD05-116C81794EAB}"
EndProject
Global
	GlobalSection(SolutionConfigurationPlatforms) = preSolution
		Debug|Any CPU = Debug|Any CPU
		Release|Any CPU = Release|Any CPU
	EndGlobalSection
	GlobalSection(ProjectConfigurationPlatforms) = postSolution
		{45CDCEE6-AFE5-4903-AD05-116C81794EAB}.Debug|Any CPU.ActiveCfg = Debug|Any CPU
		{45CDCEE6-AFE5-4903-AD05-116C81794EAB}.Debug|Any CPU.Build.0 = Debug|Any CPU
		{45CDCEE6-AFE5-4903-AD05-116C81794EAB}.Release|Any CPU.ActiveCfg = Release|Any CPU
		{45CDCEE6-AFE5-4903-AD05-116C81794EAB}.Release|Any CPU.Build.0 = Release|Any CPU
	EndGlobalSection
	GlobalSection(SolutionProperties) = preSolution
		HideSolutionNode = FALSE
	EndGlobalSection
	GlobalSection(ExtensibilityGlobals) = postSolution
		SolutionGuid = {B3109054-D0F6-4245-8CB2-6F1112CE8EEE}
	EndGlobalSection
EndGlobal
