
Microsoft Visual Studio Solution File, Format Version 12.00
# Visual Studio 15
VisualStudioVersion = 15.0.28307.757
MinimumVisualStudioVersion = 10.0.40219.1
Project("{FAE04EC0-301F-11D3-BF4B-00C04F79EFBC}") = "CellularAutomataLibrary", "CellularAutomataLibrary\CellularAutomataLibrary.csproj", "{F7059385-4B17-4E56-BEF0-952E30314371}"
EndProject
Global
	GlobalSection(SolutionConfigurationPlatforms) = preSolution
		Debug|Any CPU = Debug|Any CPU
		Debug|x64 = Debug|x64
		Release|Any CPU = Release|Any CPU
		Release|x64 = Release|x64
	EndGlobalSection
	GlobalSection(ProjectConfigurationPlatforms) = postSolution
		{F7059385-4B17-4E56-BEF0-952E30314371}.Debug|Any CPU.ActiveCfg = Debug|Any CPU
		{F7059385-4B17-4E56-BEF0-952E30314371}.Debug|Any CPU.Build.0 = Debug|Any CPU
		{F7059385-4B17-4E56-BEF0-952E30314371}.Debug|x64.ActiveCfg = Debug|Any CPU
		{F7059385-4B17-4E56-BEF0-952E30314371}.Debug|x64.Build.0 = Debug|Any CPU
		{F7059385-4B17-4E56-BEF0-952E30314371}.Release|Any CPU.ActiveCfg = Release|Any CPU
		{F7059385-4B17-4E56-BEF0-952E30314371}.Release|Any CPU.Build.0 = Release|Any CPU
		{F7059385-4B17-4E56-BEF0-952E30314371}.Release|x64.ActiveCfg = Release|Any CPU
		{F7059385-4B17-4E56-BEF0-952E30314371}.Release|x64.Build.0 = Release|Any CPU
	EndGlobalSection
	GlobalSection(SolutionProperties) = preSolution
		HideSolutionNode = FALSE
	EndGlobalSection
	GlobalSection(ExtensibilityGlobals) = postSolution
		SolutionGuid = {B3109054-D0F6-4245-8CB2-6F1112CE8EEE}
	EndGlobalSection
EndGlobal
